
Microsoft Visual Studio Solution File, Format Version 12.00
# Visual Studio Version 16
VisualStudioVersion = 16.0.29009.5
MinimumVisualStudioVersion = 10.0.40219.1
Project("{FAE04EC0-301F-11D3-BF4B-00C04F79EFBC}") = "HtmlSourceView", "HtmlSourceView\HtmlSourceView.csproj", "{56CE593C-57EA-4AC6-9849-106BC75D501C}"
EndProject
Global
	GlobalSection(SolutionConfigurationPlatforms) = preSolution
		Debug|Any CPU = Debug|Any CPU
		Release|Any CPU = Release|Any CPU
	EndGlobalSection
	GlobalSection(ProjectConfigurationPlatforms) = postSolution
		{56CE593C-57EA-4AC6-9849-106BC75D501C}.Debug|Any CPU.ActiveCfg = Debug|Any CPU
		{56CE593C-57EA-4AC6-9849-106BC75D501C}.Debug|Any CPU.Build.0 = Debug|Any CPU
		{56CE593C-57EA-4AC6-9849-106BC75D501C}.Release|Any CPU.ActiveCfg = Release|Any CPU
		{56CE593C-57EA-4AC6-9849-106BC75D501C}.Release|Any CPU.Build.0 = Release|Any CPU
	EndGlobalSection
	GlobalSection(SolutionProperties) = preSolution
		HideSolutionNode = FALSE
	EndGlobalSection
	GlobalSection(ExtensibilityGlobals) = postSolution
		SolutionGuid = {D95C78A0-8236-4E68-A2C3-2DA4FCA369F3}
	EndGlobalSection
EndGlobal
